PATH
  remote: .
  specs:
    alchemizer (0.0.0)
      polyglot
      thor
      treetop

GEM
  remote: https://rubygems.org/
  specs:
    polyglot (0.3.5)
    thor (1.2.1)
    treetop (1.6.11)
      polyglot (~> 0.3)

PLATFORMS
  ruby

DEPENDENCIES
  alchemizer!

RUBY VERSION
   ruby 2.7.3p183

BUNDLED WITH
   2.2.32
